github.com/aws/aws-sdk-go-v2 v1.17.2 h1:r0yRZInwiPBNpQ4aDy/Ssh3ROWsGtKDwar2JS8Lm+N8=
github.com/aws/aws-sdk-go-v2 v1.17.2/go.mod h1:uzbQtefpm44goOPmdKyAlXSNcwlRgF3ePWVW6EtJvvw=
github.com/aws/aws-sdk-go-v2 v1.17.3 h1:shN7NlnVzvDUgPQ+1rLMSxY8OWRNDRYtiqe0p/PgrhY=
github.com/aws/aws-sdk-go-v2 v1.17.3/go.mod h1:uzbQtefpm44goOPmdKyAlXSNcwlRgF3ePWVW6EtJvvw=
github.com/aws/aws-sdk-go-v2 v1.17.4 h1:wyC6p9Yfq6V2y98wfDsj6OnNQa4w2BLGCLIxzNhwOGY=
github.com/aws/aws-sdk-go-v2 v1.17.4/go.mod h1:uzbQtefpm44goOPmdKyAlXSNcwlRgF3ePWVW6EtJvvw=
github.com/aws/aws-sdk-go-v2/aws/protocol/eventstream v1.4.10 h1:dK82zF6kkPeCo8J1e+tGx4JdvDIQzj7ygIoLg8WMuGs=
github.com/aws/aws-sdk-go-v2/aws/protocol/eventstream v1.4.10/go.mod h1:VeTZetY5KRJLuD/7fkQXMU6Mw7H5m/KP2J5Iy9osMno=
github.com/aws/aws-sdk-go-v2/config v1.18.4 h1:VZKhr3uAADXHStS/Gf9xSYVmmaluTUfkc0dcbPiDsKE=
github.com/aws/aws-sdk-go-v2/config v1.18.4/go.mod h1:EZxMPLSdGAZ3eAmkqXfYbRppZJTzFTkv8VyEzJhKko4=
github.com/aws/aws-sdk-go-v2/config v1.18.5 h1:teGdDCAT3gX99FIKNt6HsvLaeOVdCFiCQDlH8UV6Xvg=
github.com/aws/aws-sdk-go-v2/config v1.18.5/go.mod h1:0g4tGVHeUTxekZIkO5Glw2AemETlmnkQvFqkdv3HBAA=
github.com/aws/aws-sdk-go-v2/config v1.18.6 h1:iSuEAeervBWMHA7Aaq5hCNfwuN2m7x2VuQCnEbbQg68=
github.com/aws/aws-sdk-go-v2/config v1.18.6/go.mod h1:qyjgnyqpKnNGT+C62zMsrZ/Mn2OodYqwIH0DpXiW8f8=
github.com/aws/aws-sdk-go-v2/config v1.18.7 h1:V94lTcix6jouwmAsgQMAEBozVAGJMFhVj+6/++xfe3E=
github.com/aws/aws-sdk-go-v2/config v1.18.7/go.mod h1:OZYsyHFL5PB9UpyS78NElgKs11qI/B5KJau2XOJDXHA=
github.com/aws/aws-sdk-go-v2/config v1.18.8 h1:lDpy0WM8AHsywOnVrOHaSMfpaiV2igOw8D7svkFkXVA=
github.com/aws/aws-sdk-go-v2/config v1.18.8/go.mod h1:5XCmmyutmzzgkpk/6NYTjeWb6lgo9N170m1j6pQkIBs=
github.com/aws/aws-sdk-go-v2/config v1.18.9 h1:pd+QUO1dvro6vGOuhgglJV6adGunU95xSTSzsQGhKpY=
github.com/aws/aws-sdk-go-v2/config v1.18.9/go.mod h1:2Lx9yaA/McDeQS8ft+edKrmOd5ry1v1euFQ+oGwUxsM=
github.com/aws/aws-sdk-go-v2/config v1.18.10 h1:Znce11DWswdh+5kOsIp+QaNfY9igp1QUN+fZHCKmeCI=
github.com/aws/aws-sdk-go-v2/config v1.18.10/go.mod h1:VATKco+pl+Qe1WW+RzvZTlPPe/09Gg9+vM0ZXsqb16k=
github.com/aws/aws-sdk-go-v2/config v1.18.11 h1:7dJD4p90OyKYIihuwe/LbHfP7uw4yVm5P1hel+b8UZ8=
github.com/aws/aws-sdk-go-v2/config v1.18.11/go.mod h1:FTGKr2F7QL7IAg22dUmEB5NWpLPAOuhrONzXe7TVhAI=
github.com/aws/aws-sdk-go-v2/config v1.18.12 h1:fKs/I4wccmfrNRO9rdrbMO1NgLxct6H9rNMiPdBxHWw=
github.com/aws/aws-sdk-go-v2/config v1.18.12/go.mod h1:J36fOhj1LQBr+O4hJCiT8FwVvieeoSGOtPuvhKlsNu8=
github.com/aws/aws-sdk-go-v2/config v1.18.13 h1:v0xlYqbO6/EVlM8tUn2QEOA7btQxcgidEq2JRDBPTho=
github.com/aws/aws-sdk-go-v2/config v1.18.13/go.mod h1:r39wGSZB7wPDW1i54JyQXUpc5KsWjh5z/3S5D9eCqDg=
github.com/aws/aws-sdk-go-v2/credentials v1.13.4 h1:nEbHIyJy7mCvQ/kzGG7VWHSBpRB4H6sJy3bWierWUtg=
github.com/aws/aws-sdk-go-v2/credentials v1.13.4/go.mod h1:/Cj5w9LRsNTLSwexsohwDME32OzJ6U81Zs33zr2ZWOM=
github.com/aws/aws-sdk-go-v2/credentials v1.13.5 h1:vrPwnKCdQlUyxXDZtPpb6Hc3GbTndqaGtEOwm/lF5tI=
github.com/aws/aws-sdk-go-v2/credentials v1.13.5/go.mod h1:sS/NgdbdkQ6XhVkGY/yEmNwxzpRVxLT3Ns+42W37p6g=
github.com/aws/aws-sdk-go-v2/credentials v1.13.6 h1:BXOMvv3O82/4JLggIi67WKlTO56f0rliCKBT4CKyf0o=
github.com/aws/aws-sdk-go-v2/credentials v1.13.6/go.mod h1:VbnUvhw31DUu6aiubViixQwWCBNO/st84dhPeOkmdls=
github.com/aws/aws-sdk-go-v2/credentials v1.13.7 h1:qUUcNS5Z1092XBFT66IJM7mYkMwgZ8fcC8YDIbEwXck=
github.com/aws/aws-sdk-go-v2/credentials v1.13.7/go.mod h1:AdCcbZXHQCjJh6NaH3pFaw8LUeBFn5+88BZGMVGuBT8=
github.com/aws/aws-sdk-go-v2/credentials v1.13.8 h1:vTrwTvv5qAwjWIGhZDSBH/oQHuIQjGmD232k01FUh6A=
github.com/aws/aws-sdk-go-v2/credentials v1.13.8/go.mod h1:lVa4OHbvgjVot4gmh1uouF1ubgexSCN92P6CJQpT0t8=
github.com/aws/aws-sdk-go-v2/credentials v1.13.9 h1:oxM/C8eXGsiHH+u0gZGo1++QTFPf+N5MUb1tfaaQMpU=
github.com/aws/aws-sdk-go-v2/credentials v1.13.9/go.mod h1:45DrDZTok50mEx4Uw59ym7n11Oy7G4gt0Pez2Z4ktAA=
github.com/aws/aws-sdk-go-v2/credentials v1.13.10 h1:T4Y39IhelTLg1f3xiKJssThnFxsndS8B6OnmcXtKK+8=
github.com/aws/aws-sdk-go-v2/credentials v1.13.10/go.mod h1:tqAm4JmQaShel+Qi38hmd1QglSnnxaYt50k/9yGQzzc=
github.com/aws/aws-sdk-go-v2/credentials v1.13.11 h1:QnvlTut1XXKkX4aaM1Ydo5X0CHriv0jmLu8PTVQQJJo=
github.com/aws/aws-sdk-go-v2/credentials v1.13.11/go.mod h1:tqAm4JmQaShel+Qi38hmd1QglSnnxaYt50k/9yGQzzc=
github.com/aws/aws-sdk-go-v2/credentials v1.13.12 h1:Cb+HhuEnV19zHRaYYVglwvdHGMJWbdsyP4oHhw04xws=
github.com/aws/aws-sdk-go-v2/credentials v1.13.12/go.mod h1:37HG2MBroXK3jXfxVGtbM2J48ra2+Ltu+tmwr/jO0KA=
github.com/aws/aws-sdk-go-v2/credentials v1.13.13 h1:zw1KAc1kl00NYd3ofVmFrb09qnYlSQMeh+fmlQRAihI=
github.com/aws/aws-sdk-go-v2/credentials v1.13.13/go.mod h1:DW9nbIIF9MrIja0cBQrUpeWYQMSlNmP8fevLUyF9W38=
github.com/aws/aws-sdk-go-v2/feature/ec2/imds v1.12.20 h1:tpNOglTZ8kg9T38NpcGBxudqfUAwUzyUnLQ4XSd0CHE=
github.com/aws/aws-sdk-go-v2/feature/ec2/imds v1.12.20/go.mod h1:d9xFpWd3qYwdIXM0fvu7deD08vvdRXyc/ueV+0SqaWE=
github.com/aws/aws-sdk-go-v2/feature/ec2/imds v1.12.21 h1:j9wi1kQ8b+e0FBVHxCqCGo4kxDU175hoDHcWAi0sauU=
github.com/aws/aws-sdk-go-v2/feature/ec2/imds v1.12.21/go.mod h1:ugwW57Z5Z48bpvUyZuaPy4Kv+vEfJWnIrky7RmkBvJg=
github.com/aws/aws-sdk-go-v2/feature/ec2/imds v1.12.22 h1:3aMfcTmoXtTZnaT86QlVaYh+BRMbvrrmZwIQ5jWqCZQ=
github.com/aws/aws-sdk-go-v2/feature/ec2/imds v1.12.22/go.mod h1:YGSIJyQ6D6FjKMQh16hVFSIUD54L4F7zTGePqYMYYJU=
github.com/aws/aws-sdk-go-v2/feature/s3/manager v1.11.43 h1:+bkAMTd5OGyHu2nwNOangjEsP65fR0uhMbZJA52sZ64=
github.com/aws/aws-sdk-go-v2/feature/s3/manager v1.11.43/go.mod h1:sS2tu0VEspKuY5eM1vQgy7P/hpZX8F62o6qsghZExWc=
github.com/aws/aws-sdk-go-v2/feature/s3/manager v1.11.44 h1:BXBHQeRh4fGFiiMZZd/WI/aAPwjhUCrWDhRDbuOZPIM=
github.com/aws/aws-sdk-go-v2/feature/s3/manager v1.11.44/go.mod h1:yFjq/63PmWzfzHk66kMsouDqS/ilrjFKWu269GWE6iw=
github.com/aws/aws-sdk-go-v2/feature/s3/manager v1.11.45 h1:ckFtXy51PT613d/KLKPxFiwRqgGIxDhVbNLof6x/XLo=
github.com/aws/aws-sdk-go-v2/feature/s3/manager v1.11.45/go.mod h1:xar61xizdVU4pQygvQrNdZY1VCLNcOIvm87KzdZmWrE=
github.com/aws/aws-sdk-go-v2/feature/s3/manager v1.11.46 h1:OCX1pQ4pcqhsDV7B92HzdLWjHWOQsILvjLinpaUWhcc=
github.com/aws/aws-sdk-go-v2/feature/s3/manager v1.11.46/go.mod h1:MxCBOcyNXGJRvfpPiH+L6n/BF9zbowthGSUZdDvQF/c=
github.com/aws/aws-sdk-go-v2/feature/s3/manager v1.11.47 h1:E884ndKWVGt8IhtUuGhXbEsmaCvdAAkTTUDu7uAok1g=
github.com/aws/aws-sdk-go-v2/feature/s3/manager v1.11.47/go.mod h1:KybsEsmXLO0u75FyS3F0sY4OQ97syDe8z+ISq8oEczA=
github.com/aws/aws-sdk-go-v2/feature/s3/manager v1.11.48 h1:3IGeA7Vh+gpp6Ptf0slDgNwFVTJEu81IiGl1v5yGZ3A=
github.com/aws/aws-sdk-go-v2/feature/s3/manager v1.11.48/go.mod h1:kZ8I3L92ide4A8rLSEHofGn43eLE7E/m9H986uub0ns=
github.com/aws/aws-sdk-go-v2/feature/s3/manager v1.11.49 h1:zPFhadkmXbXu3RVXTPU4HVW+g2DStMY+01cJaj//+Cw=
github.com/aws/aws-sdk-go-v2/feature/s3/manager v1.11.49/go.mod h1:N9gSChQkKpdAj7vRpfKma4ND88zoZM+v6W2lJgWrDh4=
github.com/aws/aws-sdk-go-v2/feature/s3/manager v1.11.50 h1:ATgzvd5DaU0Evx7yvaUw2ftwiWDGnDN59zowPF3jDk0=
github.com/aws/aws-sdk-go-v2/feature/s3/manager v1.11.50/go.mod h1:naA7bah2/dpvwlyWysZ7yaAYI1Ti73HPaDyGryfJuiU=
github.com/aws/aws-sdk-go-v2/feature/s3/manager v1.11.51 h1:iTFYCAdKzSAjGnVIUe88Hxvix0uaBqr0Rv7qJEOX5hE=
github.com/aws/aws-sdk-go-v2/feature/s3/manager v1.11.51/go.mod h1:7Grl2gV+dx9SWrUIgwwlUvU40t7+lOSbx34XwfmsTkY=
github.com/aws/aws-sdk-go-v2/feature/s3/manager v1.11.52 h1:kqJOPKNVhASWCGtfPv/UYiWR7p0brlRhp5LuZJg8G6Y=
github.com/aws/aws-sdk-go-v2/feature/s3/manager v1.11.52/go.mod h1:pwikD1mbvzt1Ok3LEFdMPlAlXpclPj5XY1JVR2LnwXQ=
github.com/aws/aws-sdk-go-v2/feature/s3/manager v1.11.53 h1:h1MmqGtYgkf49DhG2BSjGukpm8c+BJ9CL+bBbdFGzlk=
github.com/aws/aws-sdk-go-v2/feature/s3/manager v1.11.53/go.mod h1:mlWLxwKZNeEwE+3Pko07lSr1NvHZwUtdzmo9AiGn7QU=
github.com/aws/aws-sdk-go-v2/internal/configsources v1.1.26 h1:5WU31cY7m0tG+AiaXuXGoMzo2GBQ1IixtWa8Yywsgco=
github.com/aws/aws-sdk-go-v2/internal/configsources v1.1.26/go.mod h1:2E0LdbJW6lbeU4uxjum99GZzI0ZjDpAb0CoSCM0oeEY=
github.com/aws/aws-sdk-go-v2/internal/configsources v1.1.27 h1:I3cakv2Uy1vNmmhRQmFptYDxOvBnwCdNwyw63N0RaRU=
github.com/aws/aws-sdk-go-v2/internal/configsources v1.1.27/go.mod h1:a1/UpzeyBBerajpnP5nGZa9mGzsBn5cOKxm6NWQsvoI=
github.com/aws/aws-sdk-go-v2/internal/configsources v1.1.28 h1:r+XwaCLpIvCKjBIYy/HVZujQS9tsz5ohHG3ZIe0wKoE=
github.com/aws/aws-sdk-go-v2/internal/configsources v1.1.28/go.mod h1:3lwChorpIM/BhImY/hy+Z6jekmN92cXGPI1QJasVPYY=
github.com/aws/aws-sdk-go-v2/internal/endpoints/v2 v2.4.20 h1:WW0qSzDWoiWU2FS5DbKpxGilFVlCEJPwx4YtjdfI0Jw=
github.com/aws/aws-sdk-go-v2/internal/endpoints/v2 v2.4.20/go.mod h1:/+6lSiby8TBFpTVXZgKiN/rCfkYXEGvhlM4zCgPpt7w=
github.com/aws/aws-sdk-go-v2/internal/endpoints/v2 v2.4.21 h1:5NbbMrIzmUn/TXFqAle6mgrH5m9cOvMLRGL7pnG8tRE=
github.com/aws/aws-sdk-go-v2/internal/endpoints/v2 v2.4.21/go.mod h1:+Gxn8jYn5k9ebfHEqlhrMirFjSW0v0C9fI+KN5vk2kE=
github.com/aws/aws-sdk-go-v2/internal/endpoints/v2 v2.4.22 h1:7AwGYXDdqRQYsluvKFmWoqpcOQJ4bH634SkYf3FNj/A=
github.com/aws/aws-sdk-go-v2/internal/endpoints/v2 v2.4.22/go.mod h1:EqK7gVrIGAHyZItrD1D8B0ilgwMD1GiWAmbU4u/JHNk=
github.com/aws/aws-sdk-go-v2/internal/ini v1.3.27 h1:N2eKFw2S+JWRCtTt0IhIX7uoGGQciD4p6ba+SJv4WEU=
github.com/aws/aws-sdk-go-v2/internal/ini v1.3.27/go.mod h1:RdwFVc7PBYWY33fa2+8T1mSqQ7ZEK4ILpM0wfioDC3w=
github.com/aws/aws-sdk-go-v2/internal/ini v1.3.28 h1:KeTxcGdNnQudb46oOl4d90f2I33DF/c6q3RnZAmvQdQ=
github.com/aws/aws-sdk-go-v2/internal/ini v1.3.28/go.mod h1:yRZVr/iT0AqyHeep00SZ4YfBAKojXz08w3XMBscdi0c=
github.com/aws/aws-sdk-go-v2/internal/ini v1.3.29 h1:J4xhFd6zHhdF9jPP0FQJ6WknzBboGMBNjKOv4iTuw4A=
github.com/aws/aws-sdk-go-v2/internal/ini v1.3.29/go.mod h1:TwuqRBGzxjQJIwH16/fOZodwXt2Zxa9/cwJC5ke4j7s=
github.com/aws/aws-sdk-go-v2/internal/v4a v1.0.17 h1:5tXbMJ7Jq0iG65oiMg6tCLsHkSaO2xLXa2EmZ29vaTA=
github.com/aws/aws-sdk-go-v2/internal/v4a v1.0.17/go.mod h1:twV0fKMQuqLY4klyFH56aXNq3AFiA5LO0/frTczEOFE=
github.com/aws/aws-sdk-go-v2/internal/v4a v1.0.18 h1:H/mF2LNWwX00lD6FlYfKpLLZgUW7oIzCBkig78x4Xok=
github.com/aws/aws-sdk-go-v2/internal/v4a v1.0.18/go.mod h1:T2Ku+STrYQ1zIkL1wMvj8P3wWQaaCMKNdz70MT2FLfE=
github.com/aws/aws-sdk-go-v2/internal/v4a v1.0.19 h1:FGvpyTg2LKEmMrLlpjOgkoNp9XF5CGeyAyo33LdqZW8=
github.com/aws/aws-sdk-go-v2/internal/v4a v1.0.19/go.mod h1:8W88sW3PjamQpKFUQvHWWKay6ARsNvZnzU7+a4apubw=
github.com/aws/aws-sdk-go-v2/internal/v4a v1.0.20 h1:YIvKIfPXQVp0EhXUV644kmQo6cQPPSRmC44A1HSoJeg=
github.com/aws/aws-sdk-go-v2/internal/v4a v1.0.20/go.mod h1:8W88sW3PjamQpKFUQvHWWKay6ARsNvZnzU7+a4apubw=
github.com/aws/aws-sdk-go-v2/service/internal/accept-encoding v1.9.11 h1:y2+VQzC6Zh2ojtV2LoC0MNwHWc6qXv/j2vrQtlftkdA=
github.com/aws/aws-sdk-go-v2/service/internal/accept-encoding v1.9.11/go.mod h1:iV4q2hsqtNECrfmlXyord9u4zyuFEJX9eLgLpSPzWA8=
github.com/aws/aws-sdk-go-v2/service/internal/checksum v1.1.21 h1:77b1GfaSuIok5yB/3HYbG+ypWvOJDQ2rVdq943D17R4=
github.com/aws/aws-sdk-go-v2/service/internal/checksum v1.1.21/go.mod h1:sPOz31BVdqeeurKEuUpLNSve4tdCNPluE+070HNcEHI=
github.com/aws/aws-sdk-go-v2/service/internal/checksum v1.1.22 h1:kv5vRAl00tozRxSnI0IszPWGXsJOyA7hmEUHFYqsyvw=
github.com/aws/aws-sdk-go-v2/service/internal/checksum v1.1.22/go.mod h1:Od+GU5+Yx41gryN/ZGZzAJMZ9R1yn6lgA0fD5Lo5SkQ=
github.com/aws/aws-sdk-go-v2/service/internal/checksum v1.1.23 h1:c5+bNdV8E4fIPteWx4HZSkqI07oY9exbfQ7JH7Yx4PI=
github.com/aws/aws-sdk-go-v2/service/internal/checksum v1.1.23/go.mod h1:1jcUfF+FAOEwtIcNiHPaV4TSoZqkUIPzrohmD7fb95c=
github.com/aws/aws-sdk-go-v2/service/internal/presigned-url v1.9.20 h1:jlgyHbkZQAgAc7VIxJDmtouH8eNjOk2REVAQfVhdaiQ=
github.com/aws/aws-sdk-go-v2/service/internal/presigned-url v1.9.20/go.mod h1:Xs52xaLBqDEKRcAfX/hgjmD3YQ7c/W+BEyfamlO/W2E=
github.com/aws/aws-sdk-go-v2/service/internal/presigned-url v1.9.21 h1:5C6XgTViSb0bunmU57b3CT+MhxULqHH2721FVA+/kDM=
github.com/aws/aws-sdk-go-v2/service/internal/presigned-url v1.9.21/go.mod h1:lRToEJsn+DRA9lW4O9L9+/3hjTkUzlzyzHqn8MTds5k=
github.com/aws/aws-sdk-go-v2/service/internal/presigned-url v1.9.22 h1:LjFQf8hFuMO22HkV5VWGLBvmCLBCLPivUAmpdpnp4Vs=
github.com/aws/aws-sdk-go-v2/service/internal/presigned-url v1.9.22/go.mod h1:xt0Au8yPIwYXf/GYPy/vl4K3CgwhfQMYbrH7DlUUIws=
github.com/aws/aws-sdk-go-v2/service/internal/s3shared v1.13.20 h1:4K6dbmR0mlp3o4Bo78PnpvzHtYAqEeVMguvEenpMGsI=
github.com/aws/aws-sdk-go-v2/service/internal/s3shared v1.13.20/go.mod h1:1XpDcReIEOHsjwNToDKhIAO3qwLo1BnfbtSqWJa8j7g=
github.com/aws/aws-sdk-go-v2/service/internal/s3shared v1.13.21 h1:vY5siRXvW5TrOKm2qKEf9tliBfdLxdfy0i02LOcmqUo=
github.com/aws/aws-sdk-go-v2/service/internal/s3shared v1.13.21/go.mod h1:WZvNXT1XuH8dnJM0HvOlvk+RNn7NbAPvA/ACO0QarSc=
github.com/aws/aws-sdk-go-v2/service/internal/s3shared v1.13.22 h1:ISLJ2BKXe4zzyZ7mp5ewKECiw0U7KpLgS3S6OxY9Cm0=
github.com/aws/aws-sdk-go-v2/service/internal/s3shared v1.13.22/go.mod h1:QFVbqK54XArazLvn2wvWMRBi/jGrWii46qbr5DyPGjc=
github.com/aws/aws-sdk-go-v2/service/s3 v1.29.5 h1:nRSEQj1JergKTVc8RGkhZvOEGgcvo4fWpDPwGDeg2ok=
github.com/aws/aws-sdk-go-v2/service/s3 v1.29.5/go.mod h1:wcaJTmjKFDW0s+Se55HBNIds6ghdAGoDDw+SGUdrfAk=
github.com/aws/aws-sdk-go-v2/service/s3 v1.29.6 h1:W8pLcSn6Uy0eXgDBUUl8M8Kxv7JCoP68ZKTD04OXLEA=
github.com/aws/aws-sdk-go-v2/service/s3 v1.29.6/go.mod h1:L2l2/q76teehcW7YEsgsDjqdsDTERJeX3nOMIFlgGUE=
github.com/aws/aws-sdk-go-v2/service/s3 v1.30.0 h1:wddsyuESfviaiXk3w9N6/4iRwTg/a3gktjODY6jYQBo=
github.com/aws/aws-sdk-go-v2/service/s3 v1.30.0/go.mod h1:L2l2/q76teehcW7YEsgsDjqdsDTERJeX3nOMIFlgGUE=
github.com/aws/aws-sdk-go-v2/service/s3 v1.30.1 h1:kIgvVY7PHx4gIb0na/Q9gTWJWauTwhKdaqJjX8PkIY8=
github.com/aws/aws-sdk-go-v2/service/s3 v1.30.1/go.mod h1:L2l2/q76teehcW7YEsgsDjqdsDTERJeX3nOMIFlgGUE=
github.com/aws/aws-sdk-go-v2/service/s3 v1.30.2 h1:5EQWIFO+Hc8E2hFcXQJ1vm6ufl/PMt/6RVRDZRju2vM=
github.com/aws/aws-sdk-go-v2/service/s3 v1.30.2/go.mod h1:SXDHd6fI2RhqB7vmAzyYQCTQnpZrIprVJvYxpzW3JAM=
github.com/aws/aws-sdk-go-v2/service/s3 v1.30.3 h1:PVieHTwugdlHedlxLpYLQsOZAq736RScuEb/m4zhzc4=
github.com/aws/aws-sdk-go-v2/service/s3 v1.30.3/go.mod h1:XN3YcdmnWYZ3Hrnojvo5p2mc/wfF973nkq3ClXPDMHk=
github.com/aws/aws-sdk-go-v2/service/sso v1.11.26 h1:ActQgdTNQej/RuUJjB9uxYVLDOvRGtUreXF8L3c8wyg=
github.com/aws/aws-sdk-go-v2/service/sso v1.11.26/go.mod h1:uB9tV79ULEZUXc6Ob18A46KSQ0JDlrplPni9XW6Ot60=
github.com/aws/aws-sdk-go-v2/service/sso v1.11.27 h1:Nmvn0DJKg00TBmoBweK253Kdsuy4V5Rs68yL/H15uBQ=
github.com/aws/aws-sdk-go-v2/service/sso v1.11.27/go.mod h1:wo/B7uUm/7zw/dWhBJ4FXuw1sySU5lyIhVg1Bu2yL9A=
github.com/aws/aws-sdk-go-v2/service/sso v1.11.28 h1:gItLq3zBYyRDPmqAClgzTH8PBjDQGeyptYGHIwtYYNA=
github.com/aws/aws-sdk-go-v2/service/sso v1.11.28/go.mod h1:wo/B7uUm/7zw/dWhBJ4FXuw1sySU5lyIhVg1Bu2yL9A=
github.com/aws/aws-sdk-go-v2/service/sso v1.12.0 h1:/2gzjhQowRLarkkBOGPXSRnb8sQ2RVsjdG1C/UliK/c=
github.com/aws/aws-sdk-go-v2/service/sso v1.12.0/go.mod h1:wo/B7uUm/7zw/dWhBJ4FXuw1sySU5lyIhVg1Bu2yL9A=
github.com/aws/aws-sdk-go-v2/service/sso v1.12.1 h1:lQKN/LNa3qqu2cDOQZybP7oL4nMGGiFqob0jZJaR8/4=
github.com/aws/aws-sdk-go-v2/service/sso v1.12.1/go.mod h1:IgV8l3sj22nQDd5qcAGY0WenwCzCphqdbFOpfktZPrI=
github.com/aws/aws-sdk-go-v2/service/sso v1.12.2 h1:EN102fWY7hI5u/2FPheTrwwMHkSXfl49RYkeEnJsrCU=
github.com/aws/aws-sdk-go-v2/service/sso v1.12.2/go.mod h1:IgV8l3sj22nQDd5qcAGY0WenwCzCphqdbFOpfktZPrI=
github.com/aws/aws-sdk-go-v2/service/ssooidc v1.13.9 h1:wihKuqYUlA2T/Rx+yu2s6NDAns8B9DgnRooB1PVhY+Q=
github.com/aws/aws-sdk-go-v2/service/ssooidc v1.13.9/go.mod h1:2E/3D/mB8/r2J7nK42daoKP/ooCwbf0q1PznNc+DZTU=
github.com/aws/aws-sdk-go-v2/service/ssooidc v1.13.10 h1:tGOUUjINuqI8sD6pn+Ku0/f/4UfRDlK+jJUOaxEbWuQ=
github.com/aws/aws-sdk-go-v2/service/ssooidc v1.13.10/go.mod h1:TZSH7xLO7+phDtViY/KUp9WGCJMQkLJ/VpgkTFd5gh8=
github.com/aws/aws-sdk-go-v2/service/ssooidc v1.13.11 h1:KCacyVSs/wlcPGx37hcbT3IGYO8P8Jx+TgSDhAXtQMY=
github.com/aws/aws-sdk-go-v2/service/ssooidc v1.13.11/go.mod h1:TZSH7xLO7+phDtViY/KUp9WGCJMQkLJ/VpgkTFd5gh8=
github.com/aws/aws-sdk-go-v2/service/ssooidc v1.14.0 h1:Jfly6mRxk2ZOSlbCvZfKNS7TukSx1mIzhSsqZ/IGSZI=
github.com/aws/aws-sdk-go-v2/service/ssooidc v1.14.0/go.mod h1:TZSH7xLO7+phDtViY/KUp9WGCJMQkLJ/VpgkTFd5gh8=
github.com/aws/aws-sdk-go-v2/service/ssooidc v1.14.1 h1:0bLhH6DRAqox+g0LatcjGKjjhU6Eudyys6HB6DJVPj8=
github.com/aws/aws-sdk-go-v2/service/ssooidc v1.14.1/go.mod h1:O1YSOg3aekZibh2SngvCRRG+cRHKKlYgxf/JBF/Kr/k=
github.com/aws/aws-sdk-go-v2/service/ssooidc v1.14.2 h1:f1lmlce7r13CX1BPyPqt9oh/H+uqOWc9367lDoGGwNQ=
github.com/aws/aws-sdk-go-v2/service/ssooidc v1.14.2/go.mod h1:O1YSOg3aekZibh2SngvCRRG+cRHKKlYgxf/JBF/Kr/k=
github.com/aws/aws-sdk-go-v2/service/sts v1.17.6 h1:VQFOLQVL3BrKM/NLO/7FiS4vcp5bqK0mGMyk09xLoAY=
github.com/aws/aws-sdk-go-v2/service/sts v1.17.6/go.mod h1:Az3OXXYGyfNwQNsK/31L4R75qFYnO641RZGAoV3uH1c=
github.com/aws/aws-sdk-go-v2/service/sts v1.17.7 h1:9Mtq1KM6nD8/+HStvWcvYnixJ5N85DX+P+OY3kI3W2k=
github.com/aws/aws-sdk-go-v2/service/sts v1.17.7/go.mod h1:+lGbb3+1ugwKrNTWcf2RT05Xmp543B06zDFTwiTLp7I=
github.com/aws/aws-sdk-go-v2/service/sts v1.18.0 h1:kOO++CYo50RcTFISESluhWEi5Prhg+gaSs4whWabiZU=
github.com/aws/aws-sdk-go-v2/service/sts v1.18.0/go.mod h1:+lGbb3+1ugwKrNTWcf2RT05Xmp543B06zDFTwiTLp7I=
github.com/aws/aws-sdk-go-v2/service/sts v1.18.1 h1:q3xG67qnKp1gsYSJY5AtTvFKY2IlmGPGrTw/Wy8EjeQ=
github.com/aws/aws-sdk-go-v2/service/sts v1.18.1/go.mod h1:+lGbb3+1ugwKrNTWcf2RT05Xmp543B06zDFTwiTLp7I=
github.com/aws/aws-sdk-go-v2/service/sts v1.18.2 h1:J/4wIaGInCEYCGhTSruxCxeoA5cy91a+JT7cHFKFSHQ=
github.com/aws/aws-sdk-go-v2/service/sts v1.18.2/go.mod h1:+lGbb3+1ugwKrNTWcf2RT05Xmp543B06zDFTwiTLp7I=
github.com/aws/aws-sdk-go-v2/service/sts v1.18.3 h1:s49mSnsBZEXjfGBkRfmK+nPqzT7Lt3+t2SmAKNyHblw=
github.com/aws/aws-sdk-go-v2/service/sts v1.18.3/go.mod h1:b+psTJn33Q4qGoDaM7ZiOVVG8uVjGI6HaZ8WBHdgDgU=
github.com/aws/smithy-go v1.13.5 h1:hgz0X/DX0dGqTYpGALqXJoRKRj5oQ7150i5FdTePzO8=
github.com/aws/smithy-go v1.13.5/go.mod h1:Tg+OJXh4MB2R/uN61Ko2f6hTZwB/ZYGOtib8J3gBHzA=
github.com/chai2010/webp v1.1.1 h1:jTRmEccAJ4MGrhFOrPMpNGIJ/eybIgwKpcACsrTEapk=
github.com/chai2010/webp v1.1.1/go.mod h1:0XVwvZWdjjdxpUEIf7b9g9VkHFnInUSYujwqTLEuldU=
github.com/davecgh/go-spew v1.1.0/go.mod h1:J7Y8YcW2NihsgmVo/mv3lAwl/skON4iLHjSsI+c5H38=
github.com/davecgh/go-spew v1.1.1 h1:vj9j/u1bqnvCEfJOwUhtlOARqs3+rkHYY13jYWTU97c=
github.com/davecgh/go-spew v1.1.1/go.mod h1:J7Y8YcW2NihsgmVo/mv3lAwl/skON4iLHjSsI+c5H38=
github.com/disintegration/imaging v1.6.2 h1:w1LecBlG2Lnp8B3jk5zSuNqd7b4DXhcjwek1ei82L+c=
github.com/disintegration/imaging v1.6.2/go.mod h1:44/5580QXChDfwIclfc/PCwrr44amcmDAg8hxG0Ewe4=
github.com/google/go-cmp v0.5.8/go.mod h1:17dUlkBOakJ0+DkrSSNjCkIjxS6bF9zb3elmeNGIjoY=
github.com/google/go-cmp v0.5.9 h1:O2Tfq5qg4qc4AmwVlvv0oLiVAGB7enBSJ2x2DqQFi38=
github.com/google/go-cmp v0.5.9/go.mod h1:17dUlkBOakJ0+DkrSSNjCkIjxS6bF9zb3elmeNGIjoY=
github.com/jmespath/go-jmespath v0.4.0 h1:BEgLn5cpjn8UN1mAw4NjwDrS35OdebyEtFe+9YPoQUg=
github.com/jmespath/go-jmespath v0.4.0/go.mod h1:T8mJZnbsbmF+m6zOOFylbeCJqk5+pHWvzYPziyZiYoo=
github.com/jmespath/go-jmespath/internal/testify v1.5.1 h1:shLQSRRSCCPj3f2gpwzGwWFoC7ycTf1rcQZHOlsJ6N8=
github.com/jmespath/go-jmespath/internal/testify v1.5.1/go.mod h1:L3OGu8Wl2/fWfCI6z80xFu9LTZmf1ZRjMHUOPmWr69U=
github.com/k0kubun/go-ansi v0.0.0-20180517002512-3bf9e2903213/go.mod h1:vNUNkEQ1e29fT/6vq2aBdFsgNPmy8qMdSay1npru+Sw=
github.com/mattn/go-isatty v0.0.16/go.mod h1:kYGgaQfpe5nmfYZH+SKPsOc2e4SrIfOl2e/yFXSvRLM=
github.com/mattn/go-isatty v0.0.17/go.mod h1:kYGgaQfpe5nmfYZH+SKPsOc2e4SrIfOl2e/yFXSvRLM=
github.com/mattn/go-runewidth v0.0.14 h1:+xnbZSEeDbOIg5/mE6JF0w6n9duR1l3/WmbinWVwUuU=
github.com/mattn/go-runewidth v0.0.14/go.mod h1:Jdepj2loyihRzMpdS35Xk/zdY8IAYHsh153qUoGf23w=
github.com/mitchellh/colorstring v0.0.0-20190213212951-d06e56a500db h1:62I3jR2EmQ4l5rM/4FEfDWcRD+abF5XlKShorW5LRoQ=
github.com/mitchellh/colorstring v0.0.0-20190213212951-d06e56a500db/go.mod h1:l0dey0ia/Uv7NcFFVbCLtqEBQbrT4OCwCSKTEv6enCw=
github.com/mitchellh/go-homedir v1.1.0 h1:lukF9ziXFxDFPkA1vsr5zpc1XuPDn/wFntq5mG+4E0Y=
github.com/mitchellh/go-homedir v1.1.0/go.mod h1:SfyaCUpYCn1Vlf4IUYiD9fPX4A5wJrkLzIz1N1q0pr0=
github.com/otiai10/copy v1.9.0 h1:7KFNiCgZ91Ru4qW4CWPf/7jqtxLagGRmIxWldPP9VY4=
github.com/otiai10/copy v1.9.0/go.mod h1:hsfX19wcn0UWIHUQ3/4fHuehhk2UyArQ9dVFAn3FczI=
github.com/otiai10/curr v0.0.0-20150429015615-9b4961190c95/go.mod h1:9qAhocn7zKJG+0mI8eUu6xqkFDYS2kb2saOteoSB3cE=
github.com/otiai10/curr v1.0.0/go.mod h1:LskTG5wDwr8Rs+nNQ+1LlxRjAtTZZjtJW4rMXl6j4vs=
github.com/otiai10/mint v1.3.0/go.mod h1:F5AjcsTsWUqX+Na9fpHb52P8pcRX2CI6A3ctIT91xUo=
github.com/otiai10/mint v1.4.0 h1:umwcf7gbpEwf7WFzqmWwSv0CzbeMsae2u9ZvpP8j2q4=
github.com/otiai10/mint v1.4.0/go.mod h1:gifjb2MYOoULtKLqUAEILUG/9KONW6f7YsJ6vQLTlFI=
github.com/pmezard/go-difflib v1.0.0 h1:4DBwDE0NGyQoBHbLQYPwSUPoCMWR5BEzIk/f1lZbAQM=
github.com/pmezard/go-difflib v1.0.0/go.mod h1:iKH77koFhYxTK1pcRnkKkqfTogsbg7gZNVY4sRDYZ/4=
github.com/rivo/uniseg v0.2.0/go.mod h1:J6wj4VEh+S6ZtnVlnTBMWIodfgj8LQOQFoIToxlJtxc=
github.com/rivo/uniseg v0.4.3 h1:utMvzDsuh3suAEnhH0RdHmoPbU648o6CvXxTx4SBMOw=
github.com/rivo/uniseg v0.4.3/go.mod h1:FN3SvrM+Zdj16jyLfmOkMNblXMcoc8DfTHruCPUcx88=
github.com/schollz/progressbar/v3 v3.12.2 h1:yLqqqpQNMxGxHY8uEshRihaHWwa0rf0yb7/Zrpgq2C0=
github.com/schollz/progressbar/v3 v3.12.2/go.mod h1:HFJYIYQQJX32UJdyoigUl19xoV6aMwZt6iX/C30RWfg=
github.com/schollz/progressbar/v3 v3.13.0 h1:9TeeWRcjW2qd05I8Kf9knPkW4vLM/hYoa6z9ABvxje8=
github.com/schollz/progressbar/v3 v3.13.0/go.mod h1:ZBYnSuLAX2LU8P8UiKN/KgF2DY58AJC8yfVYLPC8Ly4=
github.com/stretchr/objx v0.1.0/go.mod h1:HFkY916IF+rwdDfMAkV7OtwuqBVzrE8GR6GFx+wExME=
github.com/stretchr/testify v1.3.0/go.mod h1:M5WIy9Dh21IEIfnGCwXGc5bZfKNJtfHm1UVUgZn+9EI=
github.com/stretchr/testify v1.7.0 h1:nwc3DEeHmmLAfoZucVR881uASk0Mfjw8xYJ99tb5CcY=
github.com/stretchr/testify v1.7.0/go.mod h1:6Fq8oRcR53rry900zMqJjRRixrwX3KX962/h/Wwjteg=
github.com/yuin/goldmark v1.4.13/go.mod h1:6yULJ656Px+3vBD8DxQVa3kxgyrAnzto9xy5taEt/CY=
golang.org/x/crypto v0.0.0-20190308221718-c2843e01d9a2/go.mod h1:djNgcEr1/C05ACkg1iLfiJU5Ep61QUkGW8qpdssI0+w=
golang.org/x/crypto v0.0.0-20210921155107-089bfa567519/go.mod h1:GvvjBRRGRdwPK5ydBHafDWAxML/pGHZbMvKqRZ5+Abc=
golang.org/x/image v0.0.0-20191009234506-e7c1f5e7dbb8/go.mod h1:FeLwcggjj3mMvU+oOTbSwawSJRM1uh48EjtB4UJZlP0=
golang.org/x/image v0.2.0 h1:/DcQ0w3VHKCC5p0/P2B0JpAZ9Z++V2KOo2fyU89CXBQ=
golang.org/x/image v0.2.0/go.mod h1:la7oBXb9w3YFjBqaAwtynVioc1ZvOnNteUNrifGNmAI=
golang.org/x/mod v0.6.0-dev.0.20220419223038-86c51ed26bb4/go.mod h1:jJ57K6gSWd91VN4djpZkiMVwK6gcyfeH4XE8wZrZaV4=
golang.org/x/net v0.0.0-20190620200207-3b0461eec859/go.mod h1:z5CRVTTTmAJ677TzLLGU+0bjPO0LkuOLi4/5GtJWs/s=
golang.org/x/net v0.0.0-20210226172049-e18ecbb05110/go.mod h1:m0MpNAwzfU5UDzcl9v0D8zg8gWTRqZa9RBIspLL5mdg=
golang.org/x/net v0.0.0-20220722155237-a158d28d115b/go.mod h1:XRhObCWvk6IyKnWLug+ECip1KBveYUHfp+8e9klMJ9c=
golang.org/x/net v0.4.0 h1:Q5QPcMlvfxFTAPV0+07Xz/MpK9NTXu2VDUuy0FeMfaU=
golang.org/x/net v0.4.0/go.mod h1:MBQ8lrhLObU/6UmLb4fmbmk5OcyYmqtbGd/9yIeKjEE=
golang.org/x/net v0.5.0 h1:GyT4nK/YDHSqa1c4753ouYCDajOYKTja9Xb/OHtgvSw=
golang.org/x/net v0.5.0/go.mod h1:DivGGAXEgPSlEBzxGzZI+ZLohi+xUj054jfeKui00ws=
golang.org/x/net v0.6.0 h1:L4ZwwTvKW9gr0ZMS1yrHD9GZhIuVjOBBnaKH+SPQK0Q=
golang.org/x/net v0.6.0/go.mod h1:2Tu9+aMcznHK/AK1HMvgo6xiTLG5rD5rZLDS+rp2Bjs=
golang.org/x/net v0.7.0 h1:rJrUqqhjsgNp7KqAIc25s9pZnjU7TUcSY7HcVZjdn1g=
golang.org/x/net v0.7.0/go.mod h1:2Tu9+aMcznHK/AK1HMvgo6xiTLG5rD5rZLDS+rp2Bjs=
golang.org/x/sync v0.0.0-20190423024810-112230192c58/go.mod h1:RxMgew5VJxzue5/jJTE5uejpjVlOe/izrB70Jof72aM=
golang.org/x/sync v0.0.0-20220722155255-886fb9371eb4 h1:uVc8UZUe6tr40fFVnUP5Oj+veunVezqYl9z7DYw9xzw=
golang.org/x/sync v0.0.0-20220722155255-886fb9371eb4/go.mod h1:RxMgew5VJxzue5/jJTE5uejpjVlOe/izrB70Jof72aM=
golang.org/x/sync v0.1.0 h1:wsuoTGHzEhffawBOhz5CYhcrV4IdKZbEyZjBMuTp12o=
golang.org/x/sync v0.1.0/go.mod h1:RxMgew5VJxzue5/jJTE5uejpjVlOe/izrB70Jof72aM=
golang.org/x/sys v0.0.0-20190215142949-d0b11bdaac8a/go.mod h1:STP8DvDyc/dI5b8T5hshtkjS+E42TnysNCUPdjciGhY=
golang.org/x/sys v0.0.0-20201119102817-f84b799fce68/go.mod h1:h1NjWce9XRLGQEsW7wpKNCjG9DtNlClVuFLEZdDNbEs=
golang.org/x/sys v0.0.0-20210615035016-665e8c7367d1/go.mod h1:oPkhp1MJrh7nUepCBck5+mAzfO9JrbApNNgaTdGDITg=
golang.org/x/sys v0.0.0-20220520151302-bc2c85ada10a/go.mod h1:oPkhp1MJrh7nUepCBck5+mAzfO9JrbApNNgaTdGDITg=
golang.org/x/sys v0.0.0-20220715151400-c0bba94af5f8/go.mod h1:oPkhp1MJrh7nUepCBck5+mAzfO9JrbApNNgaTdGDITg=
golang.org/x/sys v0.0.0-20220722155257-8c9f86f7a55f/go.mod h1:oPkhp1MJrh7nUepCBck5+mAzfO9JrbApNNgaTdGDITg=
golang.org/x/sys v0.0.0-20220811171246-fbc7d0a398ab/go.mod h1:oPkhp1MJrh7nUepCBck5+mAzfO9JrbApNNgaTdGDITg=
golang.org/x/sys v0.3.0 h1:w8ZOecv6NaNa/zC8944JTU3vz4u6Lagfk4RPQxv92NQ=
golang.org/x/sys v0.3.0/go.mod h1:oPkhp1MJrh7nUepCBck5+mAzfO9JrbApNNgaTdGDITg=
golang.org/x/sys v0.4.0 h1:Zr2JFtRQNX3BCZ8YtxRE9hNJYC8J6I1MVbMg6owUp18=
golang.org/x/sys v0.4.0/go.mod h1:oPkhp1MJrh7nUepCBck5+mAzfO9JrbApNNgaTdGDITg=
golang.org/x/sys v0.5.0 h1:MUK/U/4lj1t1oPg0HfuXDN/Z1wv31ZJ/YcPiGccS4DU=
golang.org/x/sys v0.5.0/go.mod h1:oPkhp1MJrh7nUepCBck5+mAzfO9JrbApNNgaTdGDITg=
golang.org/x/term v0.0.0-20201126162022-7de9c90e9dd1/go.mod h1:bj7SfCRtBDWHUb9snDiAeCFNEtKQo2Wmx5Cou7ajbmo=
golang.org/x/term v0.0.0-20210927222741-03fcf44c2211/go.mod h1:jbD1KX2456YbFQfuXm/mYQcufACuNUgVhRMnK/tPxf8=
golang.org/x/term v0.3.0 h1:qoo4akIqOcDME5bhc/NgxUdovd6BSS2uMsVjB56q1xI=
golang.org/x/term v0.3.0/go.mod h1:q750SLmJuPmVoN1blW3UFBPREJfb1KmY3vwxfr+nFDA=
golang.org/x/term v0.4.0 h1:O7UWfv5+A2qiuulQk30kVinPoMtoIPeVaKLEgLpVkvg=
golang.org/x/term v0.4.0/go.mod h1:9P2UbLfCdcvo3p/nzKvsmas4TnlujnuoV9hGgYzW1lQ=
golang.org/x/term v0.5.0 h1:n2a8QNdAb0sZNpU9R1ALUXBbY+w51fCQDN+7EdxNBsY=
golang.org/x/term v0.5.0/go.mod h1:jMB1sMXY+tzblOD4FWmEbocvup2/aLOaQEp7JmGp78k=
golang.org/x/text v0.3.0/go.mod h1:NqM8EUOU14njkJ3fqMW+pc6Ldnwhi/IjpwHt7yyuwOQ=
golang.org/x/text v0.3.3/go.mod h1:5Zoc/QRtKVWzQhOtBMvqHzDpF6irO9z98xDceosuGiQ=
golang.org/x/text v0.3.7/go.mod h1:u+2+/6zg+i71rQMx5EYifcz6MCKuco9NR6JIITiCfzQ=
golang.org/x/text v0.5.0/go.mod h1:mrYo+phRRbMaCq/xk9113O4dZlRixOauAjOtrjsXDZ8=
golang.org/x/tools v0.0.0-20180917221912-90fa682c2a6e/go.mod h1:n7NCudcB/nEzxVGmLbDWY5pfWTLqBcC2KZ6jyYvM4mQ=
golang.org/x/tools v0.0.0-20191119224855-298f0cb1881e/go.mod h1:b+2E5dAYhXwXZwtnZ6UAqBI28+e2cm9otk0dWdXHAEo=
golang.org/x/tools v0.1.12/go.mod h1:hNGJHUnrk76NpqgfD5Aqm5Crs+Hm0VOH/i9J2+nxYbc=
golang.org/x/xerrors v0.0.0-20190717185122-a985d3407aa7/go.mod h1:I/5z698sn9Ka8TeJc9MKroUUfqBBauWjQqLJ2OPfmY0=
gopkg.in/check.v1 v0.0.0-20161208181325-20d25e280405/go.mod h1:Co6ibVJAznAaIkqp8huTwlJQCZ016jof/cbN4VW5Yz0=
gopkg.in/yaml.v2 v2.2.8/go.mod h1:hI93XBmqTisBFMUTm0b8Fm+jr3Dg1NNxqwp+5A1VGuI=
gopkg.in/yaml.v2 v2.4.0 h1:D8xgwECY7CYvx+Y2n4sBz93Jn9JRvxdiyyo8CTfuKaY=
gopkg.in/yaml.v2 v2.4.0/go.mod h1:RDklbk79AGWmwhnvt/jBztapEOGDOx6ZbXqjP6csGnQ=
gopkg.in/yaml.v3 v3.0.0-20200313102051-9f266ea9e77c/go.mod h1:K4uyk7z7BCEPqu6E+C64Yfv1cQ7kz7rIZviUmN+EgEM=
gopkg.in/yaml.v3 v3.0.0-20210107192922-496545a6307b h1:h8qDotaEPuJATrMmW04NCwg7v22aHH28wwpauUhK9Oo=
gopkg.in/yaml.v3 v3.0.0-20210107192922-496545a6307b/go.mod h1:K4uyk7z7BCEPqu6E+C64Yfv1cQ7kz7rIZviUmN+EgEM=
