{
  "name": "go-html-asset-manager",
  "lockfileVersion": 2,
  "requires": true,
  "packages": {
    "": {
      "devDependencies": {
        "@gauntface/logger": "3.0.16"
      }
    },
    "node_modules/@gauntface/logger": {
      "version": "3.0.16",
      "resolved": "https://registry.npmjs.org/@gauntface/logger/-/logger-3.0.16.tgz",
      "integrity": "sha512-c5WT5ri4ppAFkWvm6i9v1M7PmYmyUfM+2UGYJJwrUgNfiOKqqUchVgmct3Fil2j3iKHcD8PbwHR8G5VUDNtecQ==",
      "dev": true
    }
  },
  "dependencies": {
    "@gauntface/logger": {
      "version": "3.0.16",
      "resolved": "https://registry.npmjs.org/@gauntface/logger/-/logger-3.0.16.tgz",
      "integrity": "sha512-c5WT5ri4ppAFkWvm6i9v1M7PmYmyUfM+2UGYJJwrUgNfiOKqqUchVgmct3Fil2j3iKHcD8PbwHR8G5VUDNtecQ==",
      "dev": true
    }
  }
}
