{
  "name": "go-html-asset-manager",
  "lockfileVersion": 2,
  "requires": true,
  "packages": {
    "": {
      "devDependencies": {
        "@gauntface/logger": "3.0.27"
      }
    },
    "node_modules/@gauntface/logger": {
      "version": "3.0.27",
      "resolved": "https://registry.npmjs.org/@gauntface/logger/-/logger-3.0.27.tgz",
      "integrity": "sha512-jhbnv8d8zomij819jHAaHFbVn1059MINveL5RSsYqQ+4imLe0wmRfnQSXR7h5r3B83SP4DuRGpIiToVz0DDWMg==",
      "dev": true
    }
  },
  "dependencies": {
    "@gauntface/logger": {
      "version": "3.0.27",
      "resolved": "https://registry.npmjs.org/@gauntface/logger/-/logger-3.0.27.tgz",
      "integrity": "sha512-jhbnv8d8zomij819jHAaHFbVn1059MINveL5RSsYqQ+4imLe0wmRfnQSXR7h5r3B83SP4DuRGpIiToVz0DDWMg==",
      "dev": true
    }
  }
}
