{
  "name": "go-html-asset-manager",
  "lockfileVersion": 2,
  "requires": true,
  "packages": {
    "": {
      "devDependencies": {
        "@gauntface/logger": "3.0.28"
      }
    },
    "node_modules/@gauntface/logger": {
      "version": "3.0.28",
      "resolved": "https://registry.npmjs.org/@gauntface/logger/-/logger-3.0.28.tgz",
      "integrity": "sha512-EUDkL1xSp/ArvZOyJ+mT7/Jast2saQX7+sXoo+1jFiPhqQFjuHvugiYtCIr72RWN5RKNc7+Fjynif9P6c46E3w==",
      "dev": true
    }
  },
  "dependencies": {
    "@gauntface/logger": {
      "version": "3.0.28",
      "resolved": "https://registry.npmjs.org/@gauntface/logger/-/logger-3.0.28.tgz",
      "integrity": "sha512-EUDkL1xSp/ArvZOyJ+mT7/Jast2saQX7+sXoo+1jFiPhqQFjuHvugiYtCIr72RWN5RKNc7+Fjynif9P6c46E3w==",
      "dev": true
    }
  }
}
